# This file is generated by running "yarn install" inside your project.
# Manual changes might be lost - proceed with caution!

__metadata:
  version: 8
  cacheKey: 10c0

"@selfhosted/tymscartest1@npm:1.1.2":
  version: 1.1.2
  resolution: "@selfhosted/tymscartest1@npm:1.1.2"
  checksum: 10c0/78ee2f0da83f5a7e9fb41e55c1565fd860f1342f95a07e76fa276e1a998e1e2047d330fc94e043a93da3d9b21db94f444dd63462474065c28bd0e3a80c1b5c01
  languageName: node
  linkType: hard

"supernixtest@workspace:.":
  version: 0.0.0-use.local
  resolution: "supernixtest@workspace:."
  dependencies:
    "@selfhosted/tymscartest1": "npm:1.1.2"
  languageName: unknown
  linkType: soft
